
Microsoft Visual Studio Solution File, Format Version 12.00
Project("{FAE04EC0-301F-11D3-BF4B-00C04F79EFBC}") = "zsyncnet", "zsyncnet\zsyncnet.csproj", "{93B2D2D6-E588-4535-9995-936CAB9B53A5}"
EndProject
Project("{FAE04EC0-301F-11D3-BF4B-00C04F79EFBC}") = "TestBench", "TestBench\TestBench.csproj", "{A8018161-FC64-413D-8B3E-2EB987C6C532}"
EndProject
Project("{FAE04EC0-301F-11D3-BF4B-00C04F79EFBC}") = "Tests", "Tests\Tests.csproj", "{C596145C-CE67-4FEB-BD6D-69C444B10FB6}"
EndProject
Global
	GlobalSection(SolutionConfigurationPlatforms) = preSolution
		Debug|Any CPU = Debug|Any CPU
		Release|Any CPU = Release|Any CPU
	EndGlobalSection
	GlobalSection(ProjectConfigurationPlatforms) = postSolution
		{93B2D2D6-E588-4535-9995-936CAB9B53A5}.Debug|Any CPU.ActiveCfg = Debug|Any CPU
		{93B2D2D6-E588-4535-9995-936CAB9B53A5}.Debug|Any CPU.Build.0 = Debug|Any CPU
		{93B2D2D6-E588-4535-9995-936CAB9B53A5}.Release|Any CPU.ActiveCfg = Release|Any CPU
		{93B2D2D6-E588-4535-9995-936CAB9B53A5}.Release|Any CPU.Build.0 = Release|Any CPU
		{A8018161-FC64-413D-8B3E-2EB987C6C532}.Debug|Any CPU.ActiveCfg = Debug|Any CPU
		{A8018161-FC64-413D-8B3E-2EB987C6C532}.Debug|Any CPU.Build.0 = Debug|Any CPU
		{A8018161-FC64-413D-8B3E-2EB987C6C532}.Release|Any CPU.ActiveCfg = Release|Any CPU
		{A8018161-FC64-413D-8B3E-2EB987C6C532}.Release|Any CPU.Build.0 = Release|Any CPU
		{C596145C-CE67-4FEB-BD6D-69C444B10FB6}.Debug|Any CPU.ActiveCfg = Debug|Any CPU
		{C596145C-CE67-4FEB-BD6D-69C444B10FB6}.Debug|Any CPU.Build.0 = Debug|Any CPU
		{C596145C-CE67-4FEB-BD6D-69C444B10FB6}.Release|Any CPU.ActiveCfg = Release|Any CPU
		{C596145C-CE67-4FEB-BD6D-69C444B10FB6}.Release|Any CPU.Build.0 = Release|Any CPU
	EndGlobalSection
EndGlobal
