
Microsoft Visual Studio Solution File, Format Version 12.00
Project("{FAE04EC0-301F-11D3-BF4B-00C04F79EFBC}") = "zsyncnet", "zsyncnet.csproj", "{93B2D2D6-E588-4535-9995-936CAB9B53A5}"
EndProject
Global
	GlobalSection(SolutionConfigurationPlatforms) = preSolution
		Debug|Any CPU = Debug|Any CPU
		Release|Any CPU = Release|Any CPU
	EndGlobalSection
	GlobalSection(ProjectConfigurationPlatforms) = postSolution
		{93B2D2D6-E588-4535-9995-936CAB9B53A5}.Debug|Any CPU.ActiveCfg = Debug|Any CPU
		{93B2D2D6-E588-4535-9995-936CAB9B53A5}.Debug|Any CPU.Build.0 = Debug|Any CPU
		{93B2D2D6-E588-4535-9995-936CAB9B53A5}.Release|Any CPU.ActiveCfg = Release|Any CPU
		{93B2D2D6-E588-4535-9995-936CAB9B53A5}.Release|Any CPU.Build.0 = Release|Any CPU
	EndGlobalSection
EndGlobal
